PODS:
  - BundledCocoapodDynamicFrameworkError (0.1.0)
  - Nimble (5.1.1)
  - Quick (1.0.0)

DEPENDENCIES:
  - BundledCocoapodDynamicFrameworkError (from `../`)
  - Nimble (~> 5.1.1)
  - Quick (~> 1.0.0)

EXTERNAL SOURCES:
  BundledCocoapodDynamicFrameworkError:
    :path: "../"

SPEC CHECKSUMS:
  BundledCocoapodDynamicFrameworkError: cfa7e8bff44adaff1c50ba9ffccca3583eb9bbf1
  Nimble: 415e3aa3267e7bc2c96b05fa814ddea7bb686a29
  Quick: 8024e4a47e6cc03a9d5245ef0948264fc6d27cff

PODFILE CHECKSUM: 592ba1d35126b4992f75e316905a596eb1490f22

COCOAPODS: 1.2.0.beta.3
